{
  "name": "glogg",
  "version": "1.0.0",
  "lockfileVersion": 3,
  "requires": true,
  "packages": {
    "": {
      "name": "glogg",
      "version": "1.0.0",
      "license": "ISC",
      "devDependencies": {
        "sparkles": "git://github.com/Agi-Source-Code/sparkles.git"
      }
    },
    "node_modules/sparkles": {
      "version": "1.0.0",
      "resolved": "git+ssh://git@github.com/Agi-Source-Code/sparkles.git#739d2f42257c01a3c0f60b59c33fe0c3af10aafe",
      "dev": true,
      "license": "ISC"
    }
  }
}
